
Microsoft Visual Studio Solution File, Format Version 12.00
# Visual Studio Version 17
VisualStudioVersion = 17.3.32819.101
MinimumVisualStudioVersion = 10.0.40219.1
Project("{9A19103F-16F7-4668-BE54-9A1E7A4F7556}") = "JoinFs Flight Plan Injector", "JoinFs Flight Plan Injector.csproj", "{8F672CDD-FFE0-4631-B3BB-306B669B8FE4}"
EndProject
Project("{9A19103F-16F7-4668-BE54-9A1E7A4F7556}") = "TFL ATC Portal", "..\TFL ATC Portal\TFL ATC Portal.csproj", "{630B7314-7A7E-472B-92A1-F30D7796A15A}"
EndProject
Project("{9A19103F-16F7-4668-BE54-9A1E7A4F7556}") = "Injector Updaterv2", "..\Injector Updaterv2\Injector Updaterv2.csproj", "{36BC84BB-B0BB-4A18-AC05-87992BA0F409}"
EndProject
Global
	GlobalSection(SolutionConfigurationPlatforms) = preSolution
		Debug|Any CPU = Debug|Any CPU
		Release|Any CPU = Release|Any CPU
	EndGlobalSection
	GlobalSection(ProjectConfigurationPlatforms) = postSolution
		{8F672CDD-FFE0-4631-B3BB-306B669B8FE4}.Debug|Any CPU.ActiveCfg = Debug|Any CPU
		{8F672CDD-FFE0-4631-B3BB-306B669B8FE4}.Debug|Any CPU.Build.0 = Debug|Any CPU
		{8F672CDD-FFE0-4631-B3BB-306B669B8FE4}.Release|Any CPU.ActiveCfg = Release|Any CPU
		{8F672CDD-FFE0-4631-B3BB-306B669B8FE4}.Release|Any CPU.Build.0 = Release|Any CPU
		{630B7314-7A7E-472B-92A1-F30D7796A15A}.Debug|Any CPU.ActiveCfg = Debug|Any CPU
		{630B7314-7A7E-472B-92A1-F30D7796A15A}.Debug|Any CPU.Build.0 = Debug|Any CPU
		{630B7314-7A7E-472B-92A1-F30D7796A15A}.Release|Any CPU.ActiveCfg = Release|Any CPU
		{630B7314-7A7E-472B-92A1-F30D7796A15A}.Release|Any CPU.Build.0 = Release|Any CPU
		{36BC84BB-B0BB-4A18-AC05-87992BA0F409}.Debug|Any CPU.ActiveCfg = Debug|Any CPU
		{36BC84BB-B0BB-4A18-AC05-87992BA0F409}.Debug|Any CPU.Build.0 = Debug|Any CPU
		{36BC84BB-B0BB-4A18-AC05-87992BA0F409}.Release|Any CPU.ActiveCfg = Release|Any CPU
		{36BC84BB-B0BB-4A18-AC05-87992BA0F409}.Release|Any CPU.Build.0 = Release|Any CPU
	EndGlobalSection
	GlobalSection(SolutionProperties) = preSolution
		HideSolutionNode = FALSE
	EndGlobalSection
	GlobalSection(ExtensibilityGlobals) = postSolution
		SolutionGuid = {27BC81A6-5E23-46BD-9949-9420E4F33146}
	EndGlobalSection
EndGlobal
